
Microsoft Visual Studio Solution File, Format Version 12.00
# Visual Studio Version 18
VisualStudioVersion = 18.1.11304.174 d18.0
MinimumVisualStudioVersion = 10.0.40219.1
Project("{2150E333-8FDC-42A3-9474-1A3956D46DE8}") = "2015", "2015", "{CDC137E4-0222-4614-BE51-F7FF2EC9ABA6}"
EndProject
Project("{9A19103F-16F7-4668-BE54-9A1E7A4F7556}") = "2015-01", "2015\2015-01\2015-01.csproj", "{A6AB83CE-C160-4E52-B476-50CAC40873A6}"
EndProject
Project("{9A19103F-16F7-4668-BE54-9A1E7A4F7556}") = "2015-02", "2015\2015-02\2015-02.csproj", "{32598231-7E9C-446F-814C-CC5791412BF8}"
EndProject
Project("{9A19103F-16F7-4668-BE54-9A1E7A4F7556}") = "2015-03", "2015\2015-03\2015-03.csproj", "{BD7499E6-78C3-4F2C-B317-318D291E260C}"
EndProject
Project("{9A19103F-16F7-4668-BE54-9A1E7A4F7556}") = "2015-04", "2015\2015-04\2015-04.csproj", "{11DDA09F-2719-4AAF-9DB5-5C6A357FB357}"
EndProject
Project("{9A19103F-16F7-4668-BE54-9A1E7A4F7556}") = "2015-05", "2015\2015-05\2015-05.csproj", "{AB7F689D-8C0F-4C6B-9720-CA3DE3570E6C}"
EndProject
Project("{9A19103F-16F7-4668-BE54-9A1E7A4F7556}") = "2015-06", "2015\2015-06\2015-06.csproj", "{EA172EAF-40A9-4442-98F0-B9349C7033BD}"
EndProject
Project("{9A19103F-16F7-4668-BE54-9A1E7A4F7556}") = "2015-07", "2015\2015-07\2015-07.csproj", "{C0642CEF-9911-4AFA-9C1D-3EDBD1D2A4DA}"
EndProject
Project("{9A19103F-16F7-4668-BE54-9A1E7A4F7556}") = "2015-08", "2015\2015-08\2015-08.csproj", "{73E10971-DB03-4750-9384-CE39A7CDFC78}"
EndProject
Project("{9A19103F-16F7-4668-BE54-9A1E7A4F7556}") = "2015-09", "2015\2015-09\2015-09.csproj", "{5AB07F7A-8D8A-45BB-BF4B-B7094E49D0C5}"
EndProject
Project("{9A19103F-16F7-4668-BE54-9A1E7A4F7556}") = "2015-10", "2015\2015-10\2015-10.csproj", "{A958BE7F-30CB-4D54-9B2B-569286B81400}"
EndProject
Project("{9A19103F-16F7-4668-BE54-9A1E7A4F7556}") = "2015-11", "2015\2015-11\2015-11.csproj", "{A3B9CA58-7F4F-49AD-B66B-D63BC37761E6}"
EndProject
Project("{9A19103F-16F7-4668-BE54-9A1E7A4F7556}") = "2015-12", "2015\2015-12\2015-12.csproj", "{44CD0118-559E-4C6F-A6D7-FFA38FF58E4C}"
EndProject
Project("{2150E333-8FDC-42A3-9474-1A3956D46DE8}") = "2021", "2021", "{318B8CDB-3FA5-4E5A-9B3F-1E5CF4BFE79C}"
EndProject
Project("{9A19103F-16F7-4668-BE54-9A1E7A4F7556}") = "2021-01", "2021\2021-01\2021-01.csproj", "{72317500-8582-446A-9C59-E434489C5EFB}"
EndProject
Project("{9A19103F-16F7-4668-BE54-9A1E7A4F7556}") = "2021-02", "2021\2021-02\2021-02.csproj", "{8225373E-48EB-494F-8B7B-510D62B98CD8}"
EndProject
Project("{9A19103F-16F7-4668-BE54-9A1E7A4F7556}") = "2021-03", "2021\2021-03\2021-03.csproj", "{7FE76DB1-27FC-41A0-AD9E-79E0AFBC3E70}"
EndProject
Project("{9A19103F-16F7-4668-BE54-9A1E7A4F7556}") = "2021-04", "2021\2021-04\2021-04.csproj", "{81EF227A-C8EB-4B5E-9237-E0B07C859A9B}"
EndProject
Project("{9A19103F-16F7-4668-BE54-9A1E7A4F7556}") = "2021-05", "2021\2021-05\2021-05.csproj", "{A5247A54-7669-4363-AB9B-BAD6FAB8C54D}"
EndProject
Project("{9A19103F-16F7-4668-BE54-9A1E7A4F7556}") = "2021-06", "2021\2021-06\2021-06.csproj", "{81214B61-6758-441B-AAC5-6F8E18051AB6}"
EndProject
Project("{9A19103F-16F7-4668-BE54-9A1E7A4F7556}") = "2021-07", "2021\2021-07\2021-07.csproj", "{DD123E31-EF86-409C-B303-311979711076}"
EndProject
Project("{9A19103F-16F7-4668-BE54-9A1E7A4F7556}") = "2021-08", "2021\2021-08\2021-08.csproj", "{5DA4CFCA-6AB3-4113-8F2C-18A920E0A450}"
EndProject
Project("{9A19103F-16F7-4668-BE54-9A1E7A4F7556}") = "2021-09", "2021\2021-09\2021-09.csproj", "{4F82AAC0-B7B6-4F8B-9A29-97C9672357F7}"
EndProject
Project("{9A19103F-16F7-4668-BE54-9A1E7A4F7556}") = "2021-10", "2021\2021-10\2021-10.csproj", "{A0AD3F11-47AE-4D39-AE39-39DF013D3A67}"
EndProject
Project("{9A19103F-16F7-4668-BE54-9A1E7A4F7556}") = "2021-11", "2021\2021-11\2021-11.csproj", "{31F8AFB0-7BE8-44CA-83F7-526667059E76}"
EndProject
Project("{9A19103F-16F7-4668-BE54-9A1E7A4F7556}") = "2021-12", "2021\2021-12\2021-12.csproj", "{80F4E2FF-F135-4DDE-909D-E3486711DB3B}"
EndProject
Project("{9A19103F-16F7-4668-BE54-9A1E7A4F7556}") = "2021-12.cs", "2021\2021-12.cs\2021-12.cs.csproj", "{794EF07D-9E95-47DD-BBE1-270BCA8F5674}"
EndProject
Project("{9A19103F-16F7-4668-BE54-9A1E7A4F7556}") = "2021-13", "2021\2021-13\2021-13.csproj", "{D764CACF-885F-4F9F-A14C-3EF5C5A622E8}"
EndProject
Project("{9A19103F-16F7-4668-BE54-9A1E7A4F7556}") = "2021-14", "2021\2021-14\2021-14.csproj", "{5E694CA1-0B50-4CDB-888D-33415E80F188}"
EndProject
Project("{2150E333-8FDC-42A3-9474-1A3956D46DE8}") = "Classes", "Classes", "{9351F400-2795-421D-8737-5E03E970ACBA}"
EndProject
Project("{9A19103F-16F7-4668-BE54-9A1E7A4F7556}") = "DefaultDict", "Classes\DefaultDict\DefaultDict.csproj", "{5A785065-AF52-435F-9A3D-78C50978A22C}"
EndProject
Project("{9A19103F-16F7-4668-BE54-9A1E7A4F7556}") = "Puzzle", "Classes\Puzzle\Puzzle.csproj", "{CA47840D-C464-407D-A348-99093F51E5F5}"
EndProject
Global
	GlobalSection(SolutionConfigurationPlatforms) = preSolution
		Debug|Any CPU = Debug|Any CPU
		Release|Any CPU = Release|Any CPU
	EndGlobalSection
	GlobalSection(ProjectConfigurationPlatforms) = postSolution
		{A6AB83CE-C160-4E52-B476-50CAC40873A6}.Debug|Any CPU.ActiveCfg = Debug|Any CPU
		{A6AB83CE-C160-4E52-B476-50CAC40873A6}.Debug|Any CPU.Build.0 = Debug|Any CPU
		{A6AB83CE-C160-4E52-B476-50CAC40873A6}.Release|Any CPU.ActiveCfg = Release|Any CPU
		{A6AB83CE-C160-4E52-B476-50CAC40873A6}.Release|Any CPU.Build.0 = Release|Any CPU
		{32598231-7E9C-446F-814C-CC5791412BF8}.Debug|Any CPU.ActiveCfg = Debug|Any CPU
		{32598231-7E9C-446F-814C-CC5791412BF8}.Debug|Any CPU.Build.0 = Debug|Any CPU
		{32598231-7E9C-446F-814C-CC5791412BF8}.Release|Any CPU.ActiveCfg = Release|Any CPU
		{32598231-7E9C-446F-814C-CC5791412BF8}.Release|Any CPU.Build.0 = Release|Any CPU
		{BD7499E6-78C3-4F2C-B317-318D291E260C}.Debug|Any CPU.ActiveCfg = Debug|Any CPU
		{BD7499E6-78C3-4F2C-B317-318D291E260C}.Debug|Any CPU.Build.0 = Debug|Any CPU
		{BD7499E6-78C3-4F2C-B317-318D291E260C}.Release|Any CPU.ActiveCfg = Release|Any CPU
		{BD7499E6-78C3-4F2C-B317-318D291E260C}.Release|Any CPU.Build.0 = Release|Any CPU
		{11DDA09F-2719-4AAF-9DB5-5C6A357FB357}.Debug|Any CPU.ActiveCfg = Debug|Any CPU
		{11DDA09F-2719-4AAF-9DB5-5C6A357FB357}.Debug|Any CPU.Build.0 = Debug|Any CPU
		{11DDA09F-2719-4AAF-9DB5-5C6A357FB357}.Release|Any CPU.ActiveCfg = Release|Any CPU
		{11DDA09F-2719-4AAF-9DB5-5C6A357FB357}.Release|Any CPU.Build.0 = Release|Any CPU
		{AB7F689D-8C0F-4C6B-9720-CA3DE3570E6C}.Debug|Any CPU.ActiveCfg = Debug|Any CPU
		{AB7F689D-8C0F-4C6B-9720-CA3DE3570E6C}.Debug|Any CPU.Build.0 = Debug|Any CPU
		{AB7F689D-8C0F-4C6B-9720-CA3DE3570E6C}.Release|Any CPU.ActiveCfg = Release|Any CPU
		{AB7F689D-8C0F-4C6B-9720-CA3DE3570E6C}.Release|Any CPU.Build.0 = Release|Any CPU
		{EA172EAF-40A9-4442-98F0-B9349C7033BD}.Debug|Any CPU.ActiveCfg = Debug|Any CPU
		{EA172EAF-40A9-4442-98F0-B9349C7033BD}.Debug|Any CPU.Build.0 = Debug|Any CPU
		{EA172EAF-40A9-4442-98F0-B9349C7033BD}.Release|Any CPU.ActiveCfg = Release|Any CPU
		{EA172EAF-40A9-4442-98F0-B9349C7033BD}.Release|Any CPU.Build.0 = Release|Any CPU
		{C0642CEF-9911-4AFA-9C1D-3EDBD1D2A4DA}.Debug|Any CPU.ActiveCfg = Debug|Any CPU
		{C0642CEF-9911-4AFA-9C1D-3EDBD1D2A4DA}.Debug|Any CPU.Build.0 = Debug|Any CPU
		{C0642CEF-9911-4AFA-9C1D-3EDBD1D2A4DA}.Release|Any CPU.ActiveCfg = Release|Any CPU
		{C0642CEF-9911-4AFA-9C1D-3EDBD1D2A4DA}.Release|Any CPU.Build.0 = Release|Any CPU
		{73E10971-DB03-4750-9384-CE39A7CDFC78}.Debug|Any CPU.ActiveCfg = Debug|Any CPU
		{73E10971-DB03-4750-9384-CE39A7CDFC78}.Debug|Any CPU.Build.0 = Debug|Any CPU
		{73E10971-DB03-4750-9384-CE39A7CDFC78}.Release|Any CPU.ActiveCfg = Release|Any CPU
		{73E10971-DB03-4750-9384-CE39A7CDFC78}.Release|Any CPU.Build.0 = Release|Any CPU
		{5AB07F7A-8D8A-45BB-BF4B-B7094E49D0C5}.Debug|Any CPU.ActiveCfg = Debug|Any CPU
		{5AB07F7A-8D8A-45BB-BF4B-B7094E49D0C5}.Debug|Any CPU.Build.0 = Debug|Any CPU
		{5AB07F7A-8D8A-45BB-BF4B-B7094E49D0C5}.Release|Any CPU.ActiveCfg = Release|Any CPU
		{5AB07F7A-8D8A-45BB-BF4B-B7094E49D0C5}.Release|Any CPU.Build.0 = Release|Any CPU
		{A958BE7F-30CB-4D54-9B2B-569286B81400}.Debug|Any CPU.ActiveCfg = Debug|Any CPU
		{A958BE7F-30CB-4D54-9B2B-569286B81400}.Debug|Any CPU.Build.0 = Debug|Any CPU
		{A958BE7F-30CB-4D54-9B2B-569286B81400}.Release|Any CPU.ActiveCfg = Release|Any CPU
		{A958BE7F-30CB-4D54-9B2B-569286B81400}.Release|Any CPU.Build.0 = Release|Any CPU
		{A3B9CA58-7F4F-49AD-B66B-D63BC37761E6}.Debug|Any CPU.ActiveCfg = Debug|Any CPU
		{A3B9CA58-7F4F-49AD-B66B-D63BC37761E6}.Debug|Any CPU.Build.0 = Debug|Any CPU
		{A3B9CA58-7F4F-49AD-B66B-D63BC37761E6}.Release|Any CPU.ActiveCfg = Release|Any CPU
		{A3B9CA58-7F4F-49AD-B66B-D63BC37761E6}.Release|Any CPU.Build.0 = Release|Any CPU
		{44CD0118-559E-4C6F-A6D7-FFA38FF58E4C}.Debug|Any CPU.ActiveCfg = Debug|Any CPU
		{44CD0118-559E-4C6F-A6D7-FFA38FF58E4C}.Debug|Any CPU.Build.0 = Debug|Any CPU
		{44CD0118-559E-4C6F-A6D7-FFA38FF58E4C}.Release|Any CPU.ActiveCfg = Release|Any CPU
		{44CD0118-559E-4C6F-A6D7-FFA38FF58E4C}.Release|Any CPU.Build.0 = Release|Any CPU
		{72317500-8582-446A-9C59-E434489C5EFB}.Debug|Any CPU.ActiveCfg = Debug|Any CPU
		{72317500-8582-446A-9C59-E434489C5EFB}.Debug|Any CPU.Build.0 = Debug|Any CPU
		{72317500-8582-446A-9C59-E434489C5EFB}.Release|Any CPU.ActiveCfg = Release|Any CPU
		{72317500-8582-446A-9C59-E434489C5EFB}.Release|Any CPU.Build.0 = Release|Any CPU
		{8225373E-48EB-494F-8B7B-510D62B98CD8}.Debug|Any CPU.ActiveCfg = Debug|Any CPU
		{8225373E-48EB-494F-8B7B-510D62B98CD8}.Debug|Any CPU.Build.0 = Debug|Any CPU
		{8225373E-48EB-494F-8B7B-510D62B98CD8}.Release|Any CPU.ActiveCfg = Release|Any CPU
		{8225373E-48EB-494F-8B7B-510D62B98CD8}.Release|Any CPU.Build.0 = Release|Any CPU
		{7FE76DB1-27FC-41A0-AD9E-79E0AFBC3E70}.Debug|Any CPU.ActiveCfg = Debug|Any CPU
		{7FE76DB1-27FC-41A0-AD9E-79E0AFBC3E70}.Debug|Any CPU.Build.0 = Debug|Any CPU
		{7FE76DB1-27FC-41A0-AD9E-79E0AFBC3E70}.Release|Any CPU.ActiveCfg = Release|Any CPU
		{7FE76DB1-27FC-41A0-AD9E-79E0AFBC3E70}.Release|Any CPU.Build.0 = Release|Any CPU
		{81EF227A-C8EB-4B5E-9237-E0B07C859A9B}.Debug|Any CPU.ActiveCfg = Debug|Any CPU
		{81EF227A-C8EB-4B5E-9237-E0B07C859A9B}.Debug|Any CPU.Build.0 = Debug|Any CPU
		{81EF227A-C8EB-4B5E-9237-E0B07C859A9B}.Release|Any CPU.ActiveCfg = Release|Any CPU
		{81EF227A-C8EB-4B5E-9237-E0B07C859A9B}.Release|Any CPU.Build.0 = Release|Any CPU
		{A5247A54-7669-4363-AB9B-BAD6FAB8C54D}.Debug|Any CPU.ActiveCfg = Debug|Any CPU
		{A5247A54-7669-4363-AB9B-BAD6FAB8C54D}.Debug|Any CPU.Build.0 = Debug|Any CPU
		{A5247A54-7669-4363-AB9B-BAD6FAB8C54D}.Release|Any CPU.ActiveCfg = Release|Any CPU
		{A5247A54-7669-4363-AB9B-BAD6FAB8C54D}.Release|Any CPU.Build.0 = Release|Any CPU
		{81214B61-6758-441B-AAC5-6F8E18051AB6}.Debug|Any CPU.ActiveCfg = Debug|Any CPU
		{81214B61-6758-441B-AAC5-6F8E18051AB6}.Debug|Any CPU.Build.0 = Debug|Any CPU
		{81214B61-6758-441B-AAC5-6F8E18051AB6}.Release|Any CPU.ActiveCfg = Release|Any CPU
		{81214B61-6758-441B-AAC5-6F8E18051AB6}.Release|Any CPU.Build.0 = Release|Any CPU
		{DD123E31-EF86-409C-B303-311979711076}.Debug|Any CPU.ActiveCfg = Debug|Any CPU
		{DD123E31-EF86-409C-B303-311979711076}.Debug|Any CPU.Build.0 = Debug|Any CPU
		{DD123E31-EF86-409C-B303-311979711076}.Release|Any CPU.ActiveCfg = Release|Any CPU
		{DD123E31-EF86-409C-B303-311979711076}.Release|Any CPU.Build.0 = Release|Any CPU
		{5DA4CFCA-6AB3-4113-8F2C-18A920E0A450}.Debug|Any CPU.ActiveCfg = Debug|Any CPU
		{5DA4CFCA-6AB3-4113-8F2C-18A920E0A450}.Debug|Any CPU.Build.0 = Debug|Any CPU
		{5DA4CFCA-6AB3-4113-8F2C-18A920E0A450}.Release|Any CPU.ActiveCfg = Release|Any CPU
		{5DA4CFCA-6AB3-4113-8F2C-18A920E0A450}.Release|Any CPU.Build.0 = Release|Any CPU
		{4F82AAC0-B7B6-4F8B-9A29-97C9672357F7}.Debug|Any CPU.ActiveCfg = Debug|Any CPU
		{4F82AAC0-B7B6-4F8B-9A29-97C9672357F7}.Debug|Any CPU.Build.0 = Debug|Any CPU
		{4F82AAC0-B7B6-4F8B-9A29-97C9672357F7}.Release|Any CPU.ActiveCfg = Release|Any CPU
		{4F82AAC0-B7B6-4F8B-9A29-97C9672357F7}.Release|Any CPU.Build.0 = Release|Any CPU
		{A0AD3F11-47AE-4D39-AE39-39DF013D3A67}.Debug|Any CPU.ActiveCfg = Debug|Any CPU
		{A0AD3F11-47AE-4D39-AE39-39DF013D3A67}.Debug|Any CPU.Build.0 = Debug|Any CPU
		{A0AD3F11-47AE-4D39-AE39-39DF013D3A67}.Release|Any CPU.ActiveCfg = Release|Any CPU
		{A0AD3F11-47AE-4D39-AE39-39DF013D3A67}.Release|Any CPU.Build.0 = Release|Any CPU
		{31F8AFB0-7BE8-44CA-83F7-526667059E76}.Debug|Any CPU.ActiveCfg = Debug|Any CPU
		{31F8AFB0-7BE8-44CA-83F7-526667059E76}.Debug|Any CPU.Build.0 = Debug|Any CPU
		{31F8AFB0-7BE8-44CA-83F7-526667059E76}.Release|Any CPU.ActiveCfg = Release|Any CPU
		{31F8AFB0-7BE8-44CA-83F7-526667059E76}.Release|Any CPU.Build.0 = Release|Any CPU
		{80F4E2FF-F135-4DDE-909D-E3486711DB3B}.Debug|Any CPU.ActiveCfg = Debug|Any CPU
		{80F4E2FF-F135-4DDE-909D-E3486711DB3B}.Debug|Any CPU.Build.0 = Debug|Any CPU
		{80F4E2FF-F135-4DDE-909D-E3486711DB3B}.Release|Any CPU.ActiveCfg = Release|Any CPU
		{80F4E2FF-F135-4DDE-909D-E3486711DB3B}.Release|Any CPU.Build.0 = Release|Any CPU
		{794EF07D-9E95-47DD-BBE1-270BCA8F5674}.Debug|Any CPU.ActiveCfg = Debug|Any CPU
		{794EF07D-9E95-47DD-BBE1-270BCA8F5674}.Debug|Any CPU.Build.0 = Debug|Any CPU
		{794EF07D-9E95-47DD-BBE1-270BCA8F5674}.Release|Any CPU.ActiveCfg = Release|Any CPU
		{794EF07D-9E95-47DD-BBE1-270BCA8F5674}.Release|Any CPU.Build.0 = Release|Any CPU
		{D764CACF-885F-4F9F-A14C-3EF5C5A622E8}.Debug|Any CPU.ActiveCfg = Debug|Any CPU
		{D764CACF-885F-4F9F-A14C-3EF5C5A622E8}.Debug|Any CPU.Build.0 = Debug|Any CPU
		{D764CACF-885F-4F9F-A14C-3EF5C5A622E8}.Release|Any CPU.ActiveCfg = Release|Any CPU
		{D764CACF-885F-4F9F-A14C-3EF5C5A622E8}.Release|Any CPU.Build.0 = Release|Any CPU
		{5E694CA1-0B50-4CDB-888D-33415E80F188}.Debug|Any CPU.ActiveCfg = Debug|Any CPU
		{5E694CA1-0B50-4CDB-888D-33415E80F188}.Debug|Any CPU.Build.0 = Debug|Any CPU
		{5E694CA1-0B50-4CDB-888D-33415E80F188}.Release|Any CPU.ActiveCfg = Release|Any CPU
		{5E694CA1-0B50-4CDB-888D-33415E80F188}.Release|Any CPU.Build.0 = Release|Any CPU
		{5A785065-AF52-435F-9A3D-78C50978A22C}.Debug|Any CPU.ActiveCfg = Debug|Any CPU
		{5A785065-AF52-435F-9A3D-78C50978A22C}.Debug|Any CPU.Build.0 = Debug|Any CPU
		{5A785065-AF52-435F-9A3D-78C50978A22C}.Release|Any CPU.ActiveCfg = Release|Any CPU
		{5A785065-AF52-435F-9A3D-78C50978A22C}.Release|Any CPU.Build.0 = Release|Any CPU
		{CA47840D-C464-407D-A348-99093F51E5F5}.Debug|Any CPU.ActiveCfg = Debug|Any CPU
		{CA47840D-C464-407D-A348-99093F51E5F5}.Debug|Any CPU.Build.0 = Debug|Any CPU
		{CA47840D-C464-407D-A348-99093F51E5F5}.Release|Any CPU.ActiveCfg = Release|Any CPU
		{CA47840D-C464-407D-A348-99093F51E5F5}.Release|Any CPU.Build.0 = Release|Any CPU
	EndGlobalSection
	GlobalSection(SolutionProperties) = preSolution
		HideSolutionNode = FALSE
	EndGlobalSection
	GlobalSection(NestedProjects) = preSolution
		{A6AB83CE-C160-4E52-B476-50CAC40873A6} = {CDC137E4-0222-4614-BE51-F7FF2EC9ABA6}
		{32598231-7E9C-446F-814C-CC5791412BF8} = {CDC137E4-0222-4614-BE51-F7FF2EC9ABA6}
		{BD7499E6-78C3-4F2C-B317-318D291E260C} = {CDC137E4-0222-4614-BE51-F7FF2EC9ABA6}
		{11DDA09F-2719-4AAF-9DB5-5C6A357FB357} = {CDC137E4-0222-4614-BE51-F7FF2EC9ABA6}
		{AB7F689D-8C0F-4C6B-9720-CA3DE3570E6C} = {CDC137E4-0222-4614-BE51-F7FF2EC9ABA6}
		{EA172EAF-40A9-4442-98F0-B9349C7033BD} = {CDC137E4-0222-4614-BE51-F7FF2EC9ABA6}
		{C0642CEF-9911-4AFA-9C1D-3EDBD1D2A4DA} = {CDC137E4-0222-4614-BE51-F7FF2EC9ABA6}
		{73E10971-DB03-4750-9384-CE39A7CDFC78} = {CDC137E4-0222-4614-BE51-F7FF2EC9ABA6}
		{5AB07F7A-8D8A-45BB-BF4B-B7094E49D0C5} = {CDC137E4-0222-4614-BE51-F7FF2EC9ABA6}
		{A958BE7F-30CB-4D54-9B2B-569286B81400} = {CDC137E4-0222-4614-BE51-F7FF2EC9ABA6}
		{A3B9CA58-7F4F-49AD-B66B-D63BC37761E6} = {CDC137E4-0222-4614-BE51-F7FF2EC9ABA6}
		{44CD0118-559E-4C6F-A6D7-FFA38FF58E4C} = {CDC137E4-0222-4614-BE51-F7FF2EC9ABA6}
		{72317500-8582-446A-9C59-E434489C5EFB} = {318B8CDB-3FA5-4E5A-9B3F-1E5CF4BFE79C}
		{8225373E-48EB-494F-8B7B-510D62B98CD8} = {318B8CDB-3FA5-4E5A-9B3F-1E5CF4BFE79C}
		{7FE76DB1-27FC-41A0-AD9E-79E0AFBC3E70} = {318B8CDB-3FA5-4E5A-9B3F-1E5CF4BFE79C}
		{81EF227A-C8EB-4B5E-9237-E0B07C859A9B} = {318B8CDB-3FA5-4E5A-9B3F-1E5CF4BFE79C}
		{A5247A54-7669-4363-AB9B-BAD6FAB8C54D} = {318B8CDB-3FA5-4E5A-9B3F-1E5CF4BFE79C}
		{81214B61-6758-441B-AAC5-6F8E18051AB6} = {318B8CDB-3FA5-4E5A-9B3F-1E5CF4BFE79C}
		{DD123E31-EF86-409C-B303-311979711076} = {318B8CDB-3FA5-4E5A-9B3F-1E5CF4BFE79C}
		{5DA4CFCA-6AB3-4113-8F2C-18A920E0A450} = {318B8CDB-3FA5-4E5A-9B3F-1E5CF4BFE79C}
		{4F82AAC0-B7B6-4F8B-9A29-97C9672357F7} = {318B8CDB-3FA5-4E5A-9B3F-1E5CF4BFE79C}
		{A0AD3F11-47AE-4D39-AE39-39DF013D3A67} = {318B8CDB-3FA5-4E5A-9B3F-1E5CF4BFE79C}
		{31F8AFB0-7BE8-44CA-83F7-526667059E76} = {318B8CDB-3FA5-4E5A-9B3F-1E5CF4BFE79C}
		{80F4E2FF-F135-4DDE-909D-E3486711DB3B} = {318B8CDB-3FA5-4E5A-9B3F-1E5CF4BFE79C}
		{794EF07D-9E95-47DD-BBE1-270BCA8F5674} = {318B8CDB-3FA5-4E5A-9B3F-1E5CF4BFE79C}
		{D764CACF-885F-4F9F-A14C-3EF5C5A622E8} = {318B8CDB-3FA5-4E5A-9B3F-1E5CF4BFE79C}
		{5E694CA1-0B50-4CDB-888D-33415E80F188} = {318B8CDB-3FA5-4E5A-9B3F-1E5CF4BFE79C}
		{5A785065-AF52-435F-9A3D-78C50978A22C} = {9351F400-2795-421D-8737-5E03E970ACBA}
		{CA47840D-C464-407D-A348-99093F51E5F5} = {9351F400-2795-421D-8737-5E03E970ACBA}
	EndGlobalSection
	GlobalSection(ExtensibilityGlobals) = postSolution
		SolutionGuid = {B743A17E-A2F7-4969-A830-B76940986730}
	EndGlobalSection
EndGlobal
