
Microsoft Visual Studio Solution File, Format Version 12.00
# Visual Studio Version 17
VisualStudioVersion = 17.5.002.0
MinimumVisualStudioVersion = 10.0.40219.1
Project("{9A19103F-16F7-4668-BE54-9A1E7A4F7556}") = "2021-01", "2021-01\2021-01.csproj", "{BDBAE8C3-7262-42C1-A24D-782134AD6B47}"
EndProject
Project("{9A19103F-16F7-4668-BE54-9A1E7A4F7556}") = "2021-02", "2021-02\2021-02.csproj", "{5860854D-6506-4AED-BFAD-319E32FB9605}"
EndProject
Project("{9A19103F-16F7-4668-BE54-9A1E7A4F7556}") = "2021-03", "2021-03\2021-03.csproj", "{D606053E-B539-4008-8057-F08605B5C5A8}"
EndProject
Project("{9A19103F-16F7-4668-BE54-9A1E7A4F7556}") = "2021-04", "2021-04\2021-04.csproj", "{55EAB410-67CB-48A9-B32B-2D49472B034F}"
EndProject
Project("{9A19103F-16F7-4668-BE54-9A1E7A4F7556}") = "2021-05", "2021-05\2021-05.csproj", "{012EEEE2-09C1-4607-81C7-349F4B8EBA44}"
EndProject
Project("{9A19103F-16F7-4668-BE54-9A1E7A4F7556}") = "2021-06", "2021-06\2021-06.csproj", "{12F342C5-03A2-4E35-BF3D-413B544E4587}"
EndProject
Project("{9A19103F-16F7-4668-BE54-9A1E7A4F7556}") = "2021-07", "2021-07\2021-07.csproj", "{CB0DA7B0-4B60-485C-B7AB-91E0EEDC0E00}"
EndProject
Project("{9A19103F-16F7-4668-BE54-9A1E7A4F7556}") = "2021-08", "2021-08\2021-08.csproj", "{28351E06-EADF-4309-AB2D-0C0D0A8E6028}"
EndProject
Project("{9A19103F-16F7-4668-BE54-9A1E7A4F7556}") = "2021-09", "2021-09\2021-09.csproj", "{3708BB1F-01A9-445C-927B-44E507518D08}"
EndProject
Project("{9A19103F-16F7-4668-BE54-9A1E7A4F7556}") = "2021-10", "2021-10\2021-10.csproj", "{B977C057-FF64-4C50-8BA6-AA8A43D48325}"
EndProject
Project("{9A19103F-16F7-4668-BE54-9A1E7A4F7556}") = "2021-11", "2021-11\2021-11.csproj", "{87DC5C6A-42A8-4600-B967-97D198D3C798}"
EndProject
Project("{9A19103F-16F7-4668-BE54-9A1E7A4F7556}") = "2021-12", "2021-12\2021-12.csproj", "{43C92574-0884-4DD2-AC97-AB6B78114F77}"
EndProject
Project("{9A19103F-16F7-4668-BE54-9A1E7A4F7556}") = "2021-12.cs", "2021-12.cs\2021-12.cs.csproj", "{3CD81D0E-D72B-4CAA-BF4E-715AF91A4352}"
EndProject
Project("{9A19103F-16F7-4668-BE54-9A1E7A4F7556}") = "2021-13", "2021-13\2021-13.csproj", "{8C0458C7-2DD6-4327-9401-290CB76B3E37}"
EndProject
Project("{9A19103F-16F7-4668-BE54-9A1E7A4F7556}") = "2021-14", "2021-14\2021-14.csproj", "{C3082E9C-F119-41D7-80DA-763FFF9E0BFB}"
EndProject
Project("{9A19103F-16F7-4668-BE54-9A1E7A4F7556}") = "2021-15", "2021-15\2021-15.csproj", "{5F06DE47-9413-433A-8BEE-53F2DB7CE8BF}"
EndProject
Project("{9A19103F-16F7-4668-BE54-9A1E7A4F7556}") = "2021-16", "2021-16\2021-16.csproj", "{25881EDB-05C5-494C-B271-5CE4CFAE1CCA}"
EndProject
Project("{9A19103F-16F7-4668-BE54-9A1E7A4F7556}") = "2021-17", "2021-17\2021-17.csproj", "{CE6DEBCA-1569-4300-A4A2-B93D5CE864B1}"
EndProject
Project("{9A19103F-16F7-4668-BE54-9A1E7A4F7556}") = "2021-18", "2021-18\2021-18.csproj", "{83214B9E-64AB-43A4-916E-233D0D024A1B}"
EndProject
Global
	GlobalSection(SolutionConfigurationPlatforms) = preSolution
		Debug|Any CPU = Debug|Any CPU
		Release|Any CPU = Release|Any CPU
	EndGlobalSection
	GlobalSection(ProjectConfigurationPlatforms) = postSolution
		{BDBAE8C3-7262-42C1-A24D-782134AD6B47}.Debug|Any CPU.ActiveCfg = Debug|Any CPU
		{BDBAE8C3-7262-42C1-A24D-782134AD6B47}.Debug|Any CPU.Build.0 = Debug|Any CPU
		{BDBAE8C3-7262-42C1-A24D-782134AD6B47}.Release|Any CPU.ActiveCfg = Release|Any CPU
		{BDBAE8C3-7262-42C1-A24D-782134AD6B47}.Release|Any CPU.Build.0 = Release|Any CPU
		{5860854D-6506-4AED-BFAD-319E32FB9605}.Debug|Any CPU.ActiveCfg = Debug|Any CPU
		{5860854D-6506-4AED-BFAD-319E32FB9605}.Debug|Any CPU.Build.0 = Debug|Any CPU
		{5860854D-6506-4AED-BFAD-319E32FB9605}.Release|Any CPU.ActiveCfg = Release|Any CPU
		{5860854D-6506-4AED-BFAD-319E32FB9605}.Release|Any CPU.Build.0 = Release|Any CPU
		{D606053E-B539-4008-8057-F08605B5C5A8}.Debug|Any CPU.ActiveCfg = Debug|Any CPU
		{D606053E-B539-4008-8057-F08605B5C5A8}.Debug|Any CPU.Build.0 = Debug|Any CPU
		{D606053E-B539-4008-8057-F08605B5C5A8}.Release|Any CPU.ActiveCfg = Release|Any CPU
		{D606053E-B539-4008-8057-F08605B5C5A8}.Release|Any CPU.Build.0 = Release|Any CPU
		{55EAB410-67CB-48A9-B32B-2D49472B034F}.Debug|Any CPU.ActiveCfg = Debug|Any CPU
		{55EAB410-67CB-48A9-B32B-2D49472B034F}.Debug|Any CPU.Build.0 = Debug|Any CPU
		{55EAB410-67CB-48A9-B32B-2D49472B034F}.Release|Any CPU.ActiveCfg = Release|Any CPU
		{55EAB410-67CB-48A9-B32B-2D49472B034F}.Release|Any CPU.Build.0 = Release|Any CPU
		{012EEEE2-09C1-4607-81C7-349F4B8EBA44}.Debug|Any CPU.ActiveCfg = Debug|Any CPU
		{012EEEE2-09C1-4607-81C7-349F4B8EBA44}.Debug|Any CPU.Build.0 = Debug|Any CPU
		{012EEEE2-09C1-4607-81C7-349F4B8EBA44}.Release|Any CPU.ActiveCfg = Release|Any CPU
		{012EEEE2-09C1-4607-81C7-349F4B8EBA44}.Release|Any CPU.Build.0 = Release|Any CPU
		{12F342C5-03A2-4E35-BF3D-413B544E4587}.Debug|Any CPU.ActiveCfg = Debug|Any CPU
		{12F342C5-03A2-4E35-BF3D-413B544E4587}.Debug|Any CPU.Build.0 = Debug|Any CPU
		{12F342C5-03A2-4E35-BF3D-413B544E4587}.Release|Any CPU.ActiveCfg = Release|Any CPU
		{12F342C5-03A2-4E35-BF3D-413B544E4587}.Release|Any CPU.Build.0 = Release|Any CPU
		{CB0DA7B0-4B60-485C-B7AB-91E0EEDC0E00}.Debug|Any CPU.ActiveCfg = Debug|Any CPU
		{CB0DA7B0-4B60-485C-B7AB-91E0EEDC0E00}.Debug|Any CPU.Build.0 = Debug|Any CPU
		{CB0DA7B0-4B60-485C-B7AB-91E0EEDC0E00}.Release|Any CPU.ActiveCfg = Release|Any CPU
		{CB0DA7B0-4B60-485C-B7AB-91E0EEDC0E00}.Release|Any CPU.Build.0 = Release|Any CPU
		{28351E06-EADF-4309-AB2D-0C0D0A8E6028}.Debug|Any CPU.ActiveCfg = Debug|Any CPU
		{28351E06-EADF-4309-AB2D-0C0D0A8E6028}.Debug|Any CPU.Build.0 = Debug|Any CPU
		{28351E06-EADF-4309-AB2D-0C0D0A8E6028}.Release|Any CPU.ActiveCfg = Release|Any CPU
		{28351E06-EADF-4309-AB2D-0C0D0A8E6028}.Release|Any CPU.Build.0 = Release|Any CPU
		{3708BB1F-01A9-445C-927B-44E507518D08}.Debug|Any CPU.ActiveCfg = Debug|Any CPU
		{3708BB1F-01A9-445C-927B-44E507518D08}.Debug|Any CPU.Build.0 = Debug|Any CPU
		{3708BB1F-01A9-445C-927B-44E507518D08}.Release|Any CPU.ActiveCfg = Release|Any CPU
		{3708BB1F-01A9-445C-927B-44E507518D08}.Release|Any CPU.Build.0 = Release|Any CPU
		{B977C057-FF64-4C50-8BA6-AA8A43D48325}.Debug|Any CPU.ActiveCfg = Debug|Any CPU
		{B977C057-FF64-4C50-8BA6-AA8A43D48325}.Debug|Any CPU.Build.0 = Debug|Any CPU
		{B977C057-FF64-4C50-8BA6-AA8A43D48325}.Release|Any CPU.ActiveCfg = Release|Any CPU
		{B977C057-FF64-4C50-8BA6-AA8A43D48325}.Release|Any CPU.Build.0 = Release|Any CPU
		{87DC5C6A-42A8-4600-B967-97D198D3C798}.Debug|Any CPU.ActiveCfg = Debug|Any CPU
		{87DC5C6A-42A8-4600-B967-97D198D3C798}.Debug|Any CPU.Build.0 = Debug|Any CPU
		{87DC5C6A-42A8-4600-B967-97D198D3C798}.Release|Any CPU.ActiveCfg = Release|Any CPU
		{87DC5C6A-42A8-4600-B967-97D198D3C798}.Release|Any CPU.Build.0 = Release|Any CPU
		{43C92574-0884-4DD2-AC97-AB6B78114F77}.Debug|Any CPU.ActiveCfg = Debug|Any CPU
		{43C92574-0884-4DD2-AC97-AB6B78114F77}.Debug|Any CPU.Build.0 = Debug|Any CPU
		{43C92574-0884-4DD2-AC97-AB6B78114F77}.Release|Any CPU.ActiveCfg = Release|Any CPU
		{43C92574-0884-4DD2-AC97-AB6B78114F77}.Release|Any CPU.Build.0 = Release|Any CPU
		{3CD81D0E-D72B-4CAA-BF4E-715AF91A4352}.Debug|Any CPU.ActiveCfg = Debug|Any CPU
		{3CD81D0E-D72B-4CAA-BF4E-715AF91A4352}.Debug|Any CPU.Build.0 = Debug|Any CPU
		{3CD81D0E-D72B-4CAA-BF4E-715AF91A4352}.Release|Any CPU.ActiveCfg = Release|Any CPU
		{3CD81D0E-D72B-4CAA-BF4E-715AF91A4352}.Release|Any CPU.Build.0 = Release|Any CPU
		{8C0458C7-2DD6-4327-9401-290CB76B3E37}.Debug|Any CPU.ActiveCfg = Debug|Any CPU
		{8C0458C7-2DD6-4327-9401-290CB76B3E37}.Debug|Any CPU.Build.0 = Debug|Any CPU
		{8C0458C7-2DD6-4327-9401-290CB76B3E37}.Release|Any CPU.ActiveCfg = Release|Any CPU
		{8C0458C7-2DD6-4327-9401-290CB76B3E37}.Release|Any CPU.Build.0 = Release|Any CPU
		{C3082E9C-F119-41D7-80DA-763FFF9E0BFB}.Debug|Any CPU.ActiveCfg = Debug|Any CPU
		{C3082E9C-F119-41D7-80DA-763FFF9E0BFB}.Debug|Any CPU.Build.0 = Debug|Any CPU
		{C3082E9C-F119-41D7-80DA-763FFF9E0BFB}.Release|Any CPU.ActiveCfg = Release|Any CPU
		{C3082E9C-F119-41D7-80DA-763FFF9E0BFB}.Release|Any CPU.Build.0 = Release|Any CPU
		{5F06DE47-9413-433A-8BEE-53F2DB7CE8BF}.Debug|Any CPU.ActiveCfg = Debug|Any CPU
		{5F06DE47-9413-433A-8BEE-53F2DB7CE8BF}.Debug|Any CPU.Build.0 = Debug|Any CPU
		{5F06DE47-9413-433A-8BEE-53F2DB7CE8BF}.Release|Any CPU.ActiveCfg = Release|Any CPU
		{5F06DE47-9413-433A-8BEE-53F2DB7CE8BF}.Release|Any CPU.Build.0 = Release|Any CPU
		{25881EDB-05C5-494C-B271-5CE4CFAE1CCA}.Debug|Any CPU.ActiveCfg = Debug|Any CPU
		{25881EDB-05C5-494C-B271-5CE4CFAE1CCA}.Debug|Any CPU.Build.0 = Debug|Any CPU
		{25881EDB-05C5-494C-B271-5CE4CFAE1CCA}.Release|Any CPU.ActiveCfg = Release|Any CPU
		{25881EDB-05C5-494C-B271-5CE4CFAE1CCA}.Release|Any CPU.Build.0 = Release|Any CPU
		{CE6DEBCA-1569-4300-A4A2-B93D5CE864B1}.Debug|Any CPU.ActiveCfg = Debug|Any CPU
		{CE6DEBCA-1569-4300-A4A2-B93D5CE864B1}.Debug|Any CPU.Build.0 = Debug|Any CPU
		{CE6DEBCA-1569-4300-A4A2-B93D5CE864B1}.Release|Any CPU.ActiveCfg = Release|Any CPU
		{CE6DEBCA-1569-4300-A4A2-B93D5CE864B1}.Release|Any CPU.Build.0 = Release|Any CPU
		{83214B9E-64AB-43A4-916E-233D0D024A1B}.Debug|Any CPU.ActiveCfg = Debug|Any CPU
		{83214B9E-64AB-43A4-916E-233D0D024A1B}.Debug|Any CPU.Build.0 = Debug|Any CPU
		{83214B9E-64AB-43A4-916E-233D0D024A1B}.Release|Any CPU.ActiveCfg = Release|Any CPU
		{83214B9E-64AB-43A4-916E-233D0D024A1B}.Release|Any CPU.Build.0 = Release|Any CPU
	EndGlobalSection
	GlobalSection(SolutionProperties) = preSolution
		HideSolutionNode = FALSE
	EndGlobalSection
	GlobalSection(ExtensibilityGlobals) = postSolution
		SolutionGuid = {BBD9FD65-AA62-4B3B-8A7C-682A45BB9ED7}
	EndGlobalSection
EndGlobal
